
Microsoft Visual Studio Solution File, Format Version 12.00
# Visual Studio Version 16
VisualStudioVersion = 16.6.30114.105
MinimumVisualStudioVersion = 10.0.40219.1
Project("{2150E333-8FDC-42A3-9474-1A3956D46DE8}") = "src", "src", "{F27A8B7E-3687-47C7-BEA3-7EA84D204387}"
EndProject
Project("{2150E333-8FDC-42A3-9474-1A3956D46DE8}") = "test", "test", "{4F4D0A17-81B1-4CB5-BDC8-E1F53DF516BF}"
EndProject
Project("{9A19103F-16F7-4668-BE54-9A1E7A4F7556}") = "Sydy.Gambling.Football", "src\Sydy.Gambling.Football\Sydy.Gambling.Football.csproj", "{CFA91099-D619-4390-AF91-F15B09612FBA}"
EndProject
Project("{9A19103F-16F7-4668-BE54-9A1E7A4F7556}") = "Sydy.Gambling.Football.Tests", "test\Sydy.Gambling.Football.Tests\Sydy.Gambling.Football.Tests.csproj", "{F8CC5C89-F6EF-45D5-A9C4-A258DF981FDB}"
EndProject
Project("{9A19103F-16F7-4668-BE54-9A1E7A4F7556}") = "Sydy.Gambling.Football.Web.API", "src\Sydy.Gambling.Football.Web.API\Sydy.Gambling.Football.Web.API.csproj", "{E8487761-D659-4006-BCEC-4D0CC8989C0C}"
EndProject
Project("{9A19103F-16F7-4668-BE54-9A1E7A4F7556}") = "Sydy.Gambling.Football.Web.API.Tests", "test\Sydy.Gambling.Football.Web.API.Tests\Sydy.Gambling.Football.Web.API.Tests.csproj", "{5EE91BAA-6CDD-45FF-A458-C416D50E87ED}"
EndProject
Project("{2150E333-8FDC-42A3-9474-1A3956D46DE8}") = "Solution Items", "Solution Items", "{37E8B9C5-5CC7-4749-8CFF-F2CD389E73A8}"
	ProjectSection(SolutionItems) = preProject
		README.md = README.md
	EndProjectSection
EndProject
Project("{E53339B2-1760-4266-BCC7-CA923CBCF16C}") = "docker-compose", "docker-compose.dcproj", "{B677A41E-FF74-457C-B022-5078AFC9ABFD}"
EndProject
Global
	GlobalSection(SolutionConfigurationPlatforms) = preSolution
		Debug|Any CPU = Debug|Any CPU
		Debug|x64 = Debug|x64
		Debug|x86 = Debug|x86
		Release|Any CPU = Release|Any CPU
		Release|x64 = Release|x64
		Release|x86 = Release|x86
	EndGlobalSection
	GlobalSection(ProjectConfigurationPlatforms) = postSolution
		{CFA91099-D619-4390-AF91-F15B09612FBA}.Debug|Any CPU.ActiveCfg = Debug|Any CPU
		{CFA91099-D619-4390-AF91-F15B09612FBA}.Debug|Any CPU.Build.0 = Debug|Any CPU
		{CFA91099-D619-4390-AF91-F15B09612FBA}.Debug|x64.ActiveCfg = Debug|Any CPU
		{CFA91099-D619-4390-AF91-F15B09612FBA}.Debug|x64.Build.0 = Debug|Any CPU
		{CFA91099-D619-4390-AF91-F15B09612FBA}.Debug|x86.ActiveCfg = Debug|Any CPU
		{CFA91099-D619-4390-AF91-F15B09612FBA}.Debug|x86.Build.0 = Debug|Any CPU
		{CFA91099-D619-4390-AF91-F15B09612FBA}.Release|Any CPU.ActiveCfg = Release|Any CPU
		{CFA91099-D619-4390-AF91-F15B09612FBA}.Release|Any CPU.Build.0 = Release|Any CPU
		{CFA91099-D619-4390-AF91-F15B09612FBA}.Release|x64.ActiveCfg = Release|Any CPU
		{CFA91099-D619-4390-AF91-F15B09612FBA}.Release|x64.Build.0 = Release|Any CPU
		{CFA91099-D619-4390-AF91-F15B09612FBA}.Release|x86.ActiveCfg = Release|Any CPU
		{CFA91099-D619-4390-AF91-F15B09612FBA}.Release|x86.Build.0 = Release|Any CPU
		{F8CC5C89-F6EF-45D5-A9C4-A258DF981FDB}.Debug|Any CPU.ActiveCfg = Debug|Any CPU
		{F8CC5C89-F6EF-45D5-A9C4-A258DF981FDB}.Debug|Any CPU.Build.0 = Debug|Any CPU
		{F8CC5C89-F6EF-45D5-A9C4-A258DF981FDB}.Debug|x64.ActiveCfg = Debug|Any CPU
		{F8CC5C89-F6EF-45D5-A9C4-A258DF981FDB}.Debug|x64.Build.0 = Debug|Any CPU
		{F8CC5C89-F6EF-45D5-A9C4-A258DF981FDB}.Debug|x86.ActiveCfg = Debug|Any CPU
		{F8CC5C89-F6EF-45D5-A9C4-A258DF981FDB}.Debug|x86.Build.0 = Debug|Any CPU
		{F8CC5C89-F6EF-45D5-A9C4-A258DF981FDB}.Release|Any CPU.ActiveCfg = Release|Any CPU
		{F8CC5C89-F6EF-45D5-A9C4-A258DF981FDB}.Release|Any CPU.Build.0 = Release|Any CPU
		{F8CC5C89-F6EF-45D5-A9C4-A258DF981FDB}.Release|x64.ActiveCfg = Release|Any CPU
		{F8CC5C89-F6EF-45D5-A9C4-A258DF981FDB}.Release|x64.Build.0 = Release|Any CPU
		{F8CC5C89-F6EF-45D5-A9C4-A258DF981FDB}.Release|x86.ActiveCfg = Release|Any CPU
		{F8CC5C89-F6EF-45D5-A9C4-A258DF981FDB}.Release|x86.Build.0 = Release|Any CPU
		{E8487761-D659-4006-BCEC-4D0CC8989C0C}.Debug|Any CPU.ActiveCfg = Debug|Any CPU
		{E8487761-D659-4006-BCEC-4D0CC8989C0C}.Debug|Any CPU.Build.0 = Debug|Any CPU
		{E8487761-D659-4006-BCEC-4D0CC8989C0C}.Debug|x64.ActiveCfg = Debug|Any CPU
		{E8487761-D659-4006-BCEC-4D0CC8989C0C}.Debug|x64.Build.0 = Debug|Any CPU
		{E8487761-D659-4006-BCEC-4D0CC8989C0C}.Debug|x86.ActiveCfg = Debug|Any CPU
		{E8487761-D659-4006-BCEC-4D0CC8989C0C}.Debug|x86.Build.0 = Debug|Any CPU
		{E8487761-D659-4006-BCEC-4D0CC8989C0C}.Release|Any CPU.ActiveCfg = Release|Any CPU
		{E8487761-D659-4006-BCEC-4D0CC8989C0C}.Release|Any CPU.Build.0 = Release|Any CPU
		{E8487761-D659-4006-BCEC-4D0CC8989C0C}.Release|x64.ActiveCfg = Release|Any CPU
		{E8487761-D659-4006-BCEC-4D0CC8989C0C}.Release|x64.Build.0 = Release|Any CPU
		{E8487761-D659-4006-BCEC-4D0CC8989C0C}.Release|x86.ActiveCfg = Release|Any CPU
		{E8487761-D659-4006-BCEC-4D0CC8989C0C}.Release|x86.Build.0 = Release|Any CPU
		{5EE91BAA-6CDD-45FF-A458-C416D50E87ED}.Debug|Any CPU.ActiveCfg = Debug|Any CPU
		{5EE91BAA-6CDD-45FF-A458-C416D50E87ED}.Debug|Any CPU.Build.0 = Debug|Any CPU
		{5EE91BAA-6CDD-45FF-A458-C416D50E87ED}.Debug|x64.ActiveCfg = Debug|Any CPU
		{5EE91BAA-6CDD-45FF-A458-C416D50E87ED}.Debug|x64.Build.0 = Debug|Any CPU
		{5EE91BAA-6CDD-45FF-A458-C416D50E87ED}.Debug|x86.ActiveCfg = Debug|Any CPU
		{5EE91BAA-6CDD-45FF-A458-C416D50E87ED}.Debug|x86.Build.0 = Debug|Any CPU
		{5EE91BAA-6CDD-45FF-A458-C416D50E87ED}.Release|Any CPU.ActiveCfg = Release|Any CPU
		{5EE91BAA-6CDD-45FF-A458-C416D50E87ED}.Release|Any CPU.Build.0 = Release|Any CPU
		{5EE91BAA-6CDD-45FF-A458-C416D50E87ED}.Release|x64.ActiveCfg = Release|Any CPU
		{5EE91BAA-6CDD-45FF-A458-C416D50E87ED}.Release|x64.Build.0 = Release|Any CPU
		{5EE91BAA-6CDD-45FF-A458-C416D50E87ED}.Release|x86.ActiveCfg = Release|Any CPU
		{5EE91BAA-6CDD-45FF-A458-C416D50E87ED}.Release|x86.Build.0 = Release|Any CPU
		{B677A41E-FF74-457C-B022-5078AFC9ABFD}.Debug|Any CPU.ActiveCfg = Debug|Any CPU
		{B677A41E-FF74-457C-B022-5078AFC9ABFD}.Debug|Any CPU.Build.0 = Debug|Any CPU
		{B677A41E-FF74-457C-B022-5078AFC9ABFD}.Debug|x64.ActiveCfg = Debug|Any CPU
		{B677A41E-FF74-457C-B022-5078AFC9ABFD}.Debug|x64.Build.0 = Debug|Any CPU
		{B677A41E-FF74-457C-B022-5078AFC9ABFD}.Debug|x86.ActiveCfg = Debug|Any CPU
		{B677A41E-FF74-457C-B022-5078AFC9ABFD}.Debug|x86.Build.0 = Debug|Any CPU
		{B677A41E-FF74-457C-B022-5078AFC9ABFD}.Release|Any CPU.ActiveCfg = Release|Any CPU
		{B677A41E-FF74-457C-B022-5078AFC9ABFD}.Release|Any CPU.Build.0 = Release|Any CPU
		{B677A41E-FF74-457C-B022-5078AFC9ABFD}.Release|x64.ActiveCfg = Release|Any CPU
		{B677A41E-FF74-457C-B022-5078AFC9ABFD}.Release|x64.Build.0 = Release|Any CPU
		{B677A41E-FF74-457C-B022-5078AFC9ABFD}.Release|x86.ActiveCfg = Release|Any CPU
		{B677A41E-FF74-457C-B022-5078AFC9ABFD}.Release|x86.Build.0 = Release|Any CPU
	EndGlobalSection
	GlobalSection(SolutionProperties) = preSolution
		HideSolutionNode = FALSE
	EndGlobalSection
	GlobalSection(NestedProjects) = preSolution
		{CFA91099-D619-4390-AF91-F15B09612FBA} = {F27A8B7E-3687-47C7-BEA3-7EA84D204387}
		{F8CC5C89-F6EF-45D5-A9C4-A258DF981FDB} = {4F4D0A17-81B1-4CB5-BDC8-E1F53DF516BF}
		{E8487761-D659-4006-BCEC-4D0CC8989C0C} = {F27A8B7E-3687-47C7-BEA3-7EA84D204387}
		{5EE91BAA-6CDD-45FF-A458-C416D50E87ED} = {4F4D0A17-81B1-4CB5-BDC8-E1F53DF516BF}
	EndGlobalSection
	GlobalSection(ExtensibilityGlobals) = postSolution
		SolutionGuid = {1C5EECE5-7AA9-46A5-AD74-DD84F066A601}
	EndGlobalSection
EndGlobal
